// !$*UTF8*$!
{
	archiveVersion = 1;
	classes = {
	};
	objectVersion = 46;
	objects = {

/* Begin PBXBuildFile section */
		961949FB1EED1954004474AB /* AppDelegate.swift in Sources */ = {isa = PBXBuildFile; fileRef = 961949FA1EED1954004474AB /* AppDelegate.swift */; };
		961949FD1EED1954004474AB /* ViewController.swift in Sources */ = {isa = PBXBuildFile; fileRef = 961949FC1EED1954004474AB /* ViewController.swift */; };
		96194A001EED1954004474AB /* Main.storyboard in Resources */ = {isa = PBXBuildFile; fileRef = 961949FE1EED1954004474AB /* Main.storyboard */; };
		96194A021EED1954004474AB /* Assets.xcassets in Resources */ = {isa = PBXBuildFile; fileRef = 96194A011EED1954004474AB /* Assets.xcassets */; };
		96194A051EED1954004474AB /* LaunchScreen.storyboard in Resources */ = {isa = PBXBuildFile; fileRef = 96194A031EED1954004474AB /* LaunchScreen.storyboard */; };
/* End PBXBuildFile section */

/* Begin PBXFileReference section */
		961949F71EED1954004474AB /* BasicSegmentedControl.app */ = {isa = PBXFileReference; explicitFileType = wrapper.application; includeInIndex = 0; path = BasicSegmentedControl.app; sourceTree = BUILT_PRODUCTS_DIR; };
		961949FA1EED1954004474AB /* AppDelegate.swift */ = {isa = PBXFileReference; lastKnownFileType = sourcecode.swift; path = AppDelegate.swift; sourceTree = "<group>"; };
		961949FC1EED1954004474AB /* ViewController.swift */ = {isa = PBXFileReference; lastKnownFileType = sourcecode.swift; path = ViewController.swift; sourceTree = "<group>"; };
		961949FF1EED1954004474AB /* Base */ = {isa = PBXFileReference; lastKnownFileType = file.storyboard; name = Base; path = Base.lproj/Main.storyboard; sourceTree = "<group>"; };
		96194A011EED1954004474AB /* Assets.xcassets */ = {isa = PBXFileReference; lastKnownFileType = folder.assetcatalog; path = Assets.xcassets; sourceTree = "<group>"; };
		96194A041EED1954004474AB /* Base */ = {isa = PBXFileReference; lastKnownFileType = file.storyboard; name = Base; path = Base.lproj/LaunchScreen.storyboard; sourceTree = "<group>"; };
		96194A061EED1954004474AB /* Info.plist */ = {isa = PBXFileReference; lastKnownFileType = text.plist.xml; path = Info.plist; sourceTree = "<group>"; };
/* End PBXFileReference section */

/* Begin PBXFrameworksBuildPhase section */
		961949F41EED1954004474AB /* Frameworks */ = {
			isa = PBXFrameworksBuildPhase;
			buildActionMask = 2147483647;
			files = (
			);
			runOnlyForDeploymentPostprocessing = 0;
		};
/* End PBXFrameworksBuildPhase section */

/* Begin PBXGroup section */
		961949EE1EED1954004474AB = {
			isa = PBXGroup;
			children = (
				961949F91EED1954004474AB /* BasicSegmentedControl */,
				961949F81EED1954004474AB /* Products */,
			);
			sourceTree = "<group>";
		};
		961949F81EED1954004474AB /* Products */ = {
			isa = PBXGroup;
			children = (
				961949F71EED1954004474AB /* BasicSegmentedControl.app */,
			);
			name = Products;
			sourceTree = "<group>";
		};
		961949F91EED1954004474AB /* BasicSegmentedControl */ = {
			isa = PBXGroup;
			children = (
				961949FA1EED1954004474AB /* AppDelegate.swift */,
				961949FC1EED1954004474AB /* ViewController.swift */,
				961949FE1EED1954004474AB /* Main.storyboard */,
				96194A011EED1954004474AB /* Assets.xcassets */,
				96194A031EED1954004474AB /* LaunchScreen.storyboard */,
				96194A061EED1954004474AB /* Info.plist */,
			);
			path = BasicSegmentedControl;
			sourceTree = "<group>";
		};
/* End PBXGroup section */

/* Begin PBXNativeTarget section */
		961949F61EED1954004474AB /* BasicSegmentedControl */ = {
			isa = PBXNativeTarget;
			buildConfigurationList = 96194A091EED1954004474AB /* Build configuration list for PBXNativeTarget "BasicSegmentedControl" */;
			buildPhases = (
				961949F31EED1954004474AB /* Sources */,
				961949F41EED1954004474AB /* Frameworks */,
				961949F51EED1954004474AB /* Resources */,
			);
			buildRules = (
			);
			dependencies = (
			);
			name = BasicSegmentedControl;
			productName = BasicSegmentedControl;
			productReference = 961949F71EED1954004474AB /* BasicSegmentedControl.app */;
			productType = "com.apple.product-type.application";
		};
/* End PBXNativeTarget section */

/* Begin PBXProject section */
		961949EF1EED1954004474AB /* Project object */ = {
			isa = PBXProject;
			attributes = {
				LastSwiftUpdateCheck = 0830;
				LastUpgradeCheck = 0830;
				ORGANIZATIONNAME = "Pouria Delfanazari";
				TargetAttributes = {
					961949F61EED1954004474AB = {
						CreatedOnToolsVersion = 8.3.2;
						DevelopmentTeam = DDPR3J64J8;
						ProvisioningStyle = Automatic;
					};
				};
			};
			buildConfigurationList = 961949F21EED1954004474AB /* Build configuration list for PBXProject "BasicSegmentedControl" */;
			compatibilityVersion = "Xcode 3.2";
			developmentRegion = English;
			hasScannedForEncodings = 0;
			knownRegions = (
				en,
				Base,
			);
			mainGroup = 961949EE1EED1954004474AB;
			productRefGroup = 961949F81EED1954004474AB /* Products */;
			projectDirPath = "";
			projectRoot = "";
			targets = (
				961949F61EED1954004474AB /* BasicSegmentedControl */,
			);
		};
/* End PBXProject section */

/* Begin PBXResourcesBuildPhase section */
		961949F51EED1954004474AB /* Resources */ = {
			isa = PBXResourcesBuildPhase;
			buildActionMask = 2147483647;
			files = (
				96194A051EED1954004474AB /* LaunchScreen.storyboard in Resources */,
				96194A021EED1954004474AB /* Assets.xcassets in Resources */,
				96194A001EED1954004474AB /* Main.storyboard in Resources */,
			);
			runOnlyForDeploymentPostprocessing = 0;
		};
/* End PBXResourcesBuildPhase section */

/* Begin PBXSourcesBuildPhase section */
		961949F31EED1954004474AB /* Sources */ = {
			isa = PBXSourcesBuildPhase;
			buildActionMask = 2147483647;
			files = (
				961949FD1EED1954004474AB /* ViewController.swift in Sources */,
				961949FB1EED1954004474AB /* AppDelegate.swift in Sources */,
			);
			runOnlyForDeploymentPostprocessing = 0;
		};
/* End PBXSourcesBuildPhase section */

/* Begin PBXVariantGroup section */
		961949FE1EED1954004474AB /* Main.storyboard */ = {
			isa = PBXVariantGroup;
			children = (
				961949FF1EED1954004474AB /* Base */,
			);
			name = Main.storyboard;
			sourceTree = "<group>";
		};
		96194A031EED1954004474AB /* LaunchScreen.storyboard */ = {
			isa = PBXVariantGroup;
			children = (
				96194A041EED1954004474AB /* Base */,
			);
			name = LaunchScreen.storyboard;
			sourceTree = "<group>";
		};
/* End PBXVariantGroup section */

/* Begin XCBuildConfiguration section */
		96194A071EED1954004474AB /* Debug */ = {
			isa = XCBuildConfiguration;
			buildSettings = {
				ALWAYS_SEARCH_USER_PATHS = NO;
				CLANG_ANALYZER_NONNULL = YES;
				CLANG_ANALYZER_NUMBER_OBJECT_CONVERSION = YES_AGGRESSIVE;
				CLANG_CXX_LANGUAGE_STANDARD = "gnu++0x";
				CLANG_CXX_LIBRARY = "libc++";
				CLANG_ENABLE_MODULES = YES;
				CLANG_ENABLE_OBJC_ARC = YES;
				CLANG_WARN_BOOL_CONVERSION = YES;
				CLANG_WARN_CONSTANT_CONVERSION = YES;
				CLANG_WARN_DIRECT_OBJC_ISA_USAGE = YES_ERROR;
				CLANG_WARN_DOCUMENTATION_COMMENTS = YES;
				CLANG_WARN_EMPTY_BODY = YES;
				CLANG_WARN_ENUM_CONVERSION = YES;
				CLANG_WARN_INFINITE_RECURSION = YES;
				CLANG_WARN_INT_CONVERSION = YES;
				CLANG_WARN_OBJC_ROOT_CLASS = YES_ERROR;
				CLANG_WARN_SUSPICIOUS_MOVE = YES;
				CLANG_WARN_UNREACHABLE_CODE = YES;
				CLANG_WARN__DUPLICATE_METHOD_MATCH = YES;
				"CODE_SIGN_IDENTITY[sdk=iphoneos*]" = "iPhone Developer";
				COPY_PHASE_STRIP = NO;
				DEBUG_INFORMATION_FORMAT = dwarf;
				ENABLE_STRICT_OBJC_MSGSEND = YES;
				ENABLE_TESTABILITY = YES;
				GCC_C_LANGUAGE_STANDARD = gnu99;
				GCC_DYNAMIC_NO_PIC = NO;
				GCC_NO_COMMON_BLOCKS = YES;
				GCC_OPTIMIZATION_LEVEL = 0;
				GCC_PREPROCESSOR_DEFINITIONS = (
					"DEBUG=1",
					"$(inherited)",
				);
				GCC_WARN_64_TO_32_BIT_CONVERSION = YES;
				GCC_WARN_ABOUT_RETURN_TYPE = YES_ERROR;
				GCC_WARN_UNDECLARED_SELECTOR = YES;
				GCC_WARN_UNINITIALIZED_AUTOS = YES_AGGRESSIVE;
				GCC_WARN_UNUSED_FUNCTION = YES;
				GCC_WARN_UNUSED_VARIABLE = YES;
				IPHONEOS_DEPLOYMENT_TARGET = 10.3;
				MTL_ENABLE_DEBUG_INFO = YES;
				ONLY_ACTIVE_ARCH = YES;
				SDKROOT = iphoneos;
				SWIFT_ACTIVE_COMPILATION_CONDITIONS = DEBUG;
				SWIFT_OPTIMIZATION_LEVEL = "-Onone";
			};
			name = Debug;
		};
		96194A081EED1954004474AB /* Release */ = {
			isa = XCBuildConfiguration;
			buildSettings = {
				ALWAYS_SEARCH_USER_PATHS = NO;
				CLANG_ANALYZER_NONNULL = YES;
				CLANG_ANALYZER_NUMBER_OBJECT_CONVERSION = YES_AGGRESSIVE;
				CLANG_CXX_LANGUAGE_STANDARD = "gnu++0x";
				CLANG_CXX_LIBRARY = "libc++";
				CLANG_ENABLE_MODULES = YES;
				CLANG_ENABLE_OBJC_ARC = YES;
				CLANG_WARN_BOOL_CONVERSION = YES;
				CLANG_WARN_CONSTANT_CONVERSION = YES;
				CLANG_WARN_DIRECT_OBJC_ISA_USAGE = YES_ERROR;
				CLANG_WARN_DOCUMENTATION_COMMENTS = YES;
				CLANG_WARN_EMPTY_BODY = YES;
				CLANG_WARN_ENUM_CONVERSION = YES;
				CLANG_WARN_INFINITE_RECURSION = YES;
				CLANG_WARN_INT_CONVERSION = YES;
				CLANG_WARN_OBJC_ROOT_CLASS = YES_ERROR;
				CLANG_WARN_SUSPICIOUS_MOVE = YES;
				CLANG_WARN_UNREACHABLE_CODE = YES;
				CLANG_WARN__DUPLICATE_METHOD_MATCH = YES;
				"CODE_SIGN_IDENTITY[sdk=iphoneos*]" = "iPhone Developer";
				COPY_PHASE_STRIP = NO;
				DEBUG_INFORMATION_FORMAT = "dwarf-with-dsym";
				ENABLE_NS_ASSERTIONS = NO;
				ENABLE_STRICT_OBJC_MSGSEND = YES;
				GCC_C_LANGUAGE_STANDARD = gnu99;
				GCC_NO_COMMON_BLOCKS = YES;
				GCC_WARN_64_TO_32_BIT_CONVERSION = YES;
				GCC_WARN_ABOUT_RETURN_TYPE = YES_ERROR;
				GCC_WARN_UNDECLARED_SELECTOR = YES;
				GCC_WARN_UNINITIALIZED_AUTOS = YES_AGGRESSIVE;
				GCC_WARN_UNUSED_FUNCTION = YES;
				GCC_WARN_UNUSED_VARIABLE = YES;
				IPHONEOS_DEPLOYMENT_TARGET = 10.3;
				MTL_ENABLE_DEBUG_INFO = NO;
				SDKROOT = iphoneos;
				SWIFT_OPTIMIZATION_LEVEL = "-Owholemodule";
				VALIDATE_PRODUCT = YES;
			};
			name = Release;
		};
		96194A0A1EED1954004474AB /* Debug */ = {
			isa = XCBuildConfiguration;
			buildSettings = {
				ASSETCATALOG_COMPILER_APPICON_NAME = AppIcon;
				DEVELOPMENT_TEAM = DDPR3J64J8;
				INFOPLIST_FILE = BasicSegmentedControl/Info.plist;
				LD_RUNPATH_SEARCH_PATHS = "$(inherited) @executable_path/Frameworks";
				PRODUCT_BUNDLE_IDENTIFIER = com.pdelfan.BasicSegmentedControl;
				PRODUCT_NAME = "$(TARGET_NAME)";
				SWIFT_VERSION = 3.0;
			};
			name = Debug;
		};
		96194A0B1EED1954004474AB /* Release */ = {
			isa = XCBuildConfiguration;
			buildSettings = {
				ASSETCATALOG_COMPILER_APPICON_NAME = AppIcon;
				DEVELOPMENT_TEAM = DDPR3J64J8;
				INFOPLIST_FILE = BasicSegmentedControl/Info.plist;
				LD_RUNPATH_SEARCH_PATHS = "$(inherited) @executable_path/Frameworks";
				PRODUCT_BUNDLE_IDENTIFIER = com.pdelfan.BasicSegmentedControl;
				PRODUCT_NAME = "$(TARGET_NAME)";
				SWIFT_VERSION = 3.0;
			};
			name = Release;
		};
/* End XCBuildConfiguration section */

/* Begin XCConfigurationList section */
		961949F21EED1954004474AB /* Build configuration list for PBXProject "BasicSegmentedControl" */ = {
			isa = XCConfigurationList;
			buildConfigurations = (
				96194A071EED1954004474AB /* Debug */,
				96194A081EED1954004474AB /* Release */,
			);
			defaultConfigurationIsVisible = 0;
			defaultConfigurationName = Release;
		};
		96194A091EED1954004474AB /* Build configuration list for PBXNativeTarget "BasicSegmentedControl" */ = {
			isa = XCConfigurationList;
			buildConfigurations = (
				96194A0A1EED1954004474AB /* Debug */,
				96194A0B1EED1954004474AB /* Release */,
			);
			defaultConfigurationIsVisible = 0;
		};
/* End XCConfigurationList section */
	};
	rootObject = 961949EF1EED1954004474AB /* Project object */;
}
